
Microsoft Visual Studio Solution File, Format Version 12.00
# Visual Studio Version 17
VisualStudioVersion = 17.14.36414.22 d17.14
MinimumVisualStudioVersion = 10.0.40219.1
Project("{FAE04EC0-301F-11D3-BF4B-00C04F79EFBC}") = "Agendaa", "Agendaa\Agendaa.csproj", "{3DBB92DC-2A69-4B29-8927-79464745BBD3}"
EndProject
Global
	GlobalSection(SolutionConfigurationPlatforms) = preSolution
		Debug|Any CPU = Debug|Any CPU
		Release|Any CPU = Release|Any CPU
	EndGlobalSection
	GlobalSection(ProjectConfigurationPlatforms) = postSolution
		{3DBB92DC-2A69-4B29-8927-79464745BBD3}.Debug|Any CPU.ActiveCfg = Debug|Any CPU
		{3DBB92DC-2A69-4B29-8927-79464745BBD3}.Debug|Any CPU.Build.0 = Debug|Any CPU
		{3DBB92DC-2A69-4B29-8927-79464745BBD3}.Release|Any CPU.ActiveCfg = Release|Any CPU
		{3DBB92DC-2A69-4B29-8927-79464745BBD3}.Release|Any CPU.Build.0 = Release|Any CPU
	EndGlobalSection
	GlobalSection(SolutionProperties) = preSolution
		HideSolutionNode = FALSE
	EndGlobalSection
	GlobalSection(ExtensibilityGlobals) = postSolution
		SolutionGuid = {A62A7178-791E-499E-803E-FDC3E2390D6F}
	EndGlobalSection
EndGlobal
